
Microsoft Visual Studio Solution File, Format Version 12.00
# Visual Studio 15
VisualStudioVersion = 15.0.28010.2026
MinimumVisualStudioVersion = 10.0.40219.1
Project("{FAE04EC0-301F-11D3-BF4B-00C04F79EFBC}") = "Neuro.Tests", "Neuro.Tests\Neuro.Tests.csproj", "{A9DDA189-A5D8-43AC-98D9-9301EACF5F4C}"
EndProject
Project("{FAE04EC0-301F-11D3-BF4B-00C04F79EFBC}") = "Neuro", "Neuro\Neuro.csproj", "{9895C169-C511-4686-8E53-742F6BE8AA63}"
EndProject
Global
	GlobalSection(SolutionConfigurationPlatforms) = preSolution
		Debug|Any CPU = Debug|Any CPU
		Release|Any CPU = Release|Any CPU
	EndGlobalSection
	GlobalSection(ProjectConfigurationPlatforms) = postSolution
		{A9DDA189-A5D8-43AC-98D9-9301EACF5F4C}.Debug|Any CPU.ActiveCfg = Debug|Any CPU
		{A9DDA189-A5D8-43AC-98D9-9301EACF5F4C}.Debug|Any CPU.Build.0 = Debug|Any CPU
		{A9DDA189-A5D8-43AC-98D9-9301EACF5F4C}.Release|Any CPU.ActiveCfg = Release|Any CPU
		{A9DDA189-A5D8-43AC-98D9-9301EACF5F4C}.Release|Any CPU.Build.0 = Release|Any CPU
		{9895C169-C511-4686-8E53-742F6BE8AA63}.Debug|Any CPU.ActiveCfg = Debug|Any CPU
		{9895C169-C511-4686-8E53-742F6BE8AA63}.Debug|Any CPU.Build.0 = Debug|Any CPU
		{9895C169-C511-4686-8E53-742F6BE8AA63}.Release|Any CPU.ActiveCfg = Release|Any CPU
		{9895C169-C511-4686-8E53-742F6BE8AA63}.Release|Any CPU.Build.0 = Release|Any CPU
	EndGlobalSection
	GlobalSection(SolutionProperties) = preSolution
		HideSolutionNode = FALSE
	EndGlobalSection
	GlobalSection(ExtensibilityGlobals) = postSolution
		SolutionGuid = {EF84A609-1E87-49D4-BC05-2387ABACE798}
	EndGlobalSection
EndGlobal
